{
  "name": "ones",
  "version": "1.0.0",
  "lockfileVersion": 1,
  "requires": true,
  "dependencies": {
    "vant-weapp": {
      "version": "0.4.6",
      "resolved": "https://registry.npmjs.org/vant-weapp/-/vant-weapp-0.4.6.tgz",
      "integrity": "sha512-ozcHaMAaZ6j6KoS/v8h0V8Voely7gaJJ63ukgt8CQwUypckTB7L/SmFc+Bqcn1wRUyZZizWMJPSOVQmTXMIf8Q=="
    }
  }
}
